// !$*UTF8*$!
{
	archiveVersion = 1;
	classes = {
	};
	objectVersion = 56;
	objects = {

/* Begin PBXBuildFile section */
		482EFAC99D75EF9B0AC5A2F1 /* Pods_SilverConnect.framework in Frameworks */ = {isa = PBXBuildFile; fileRef = EBAEA31768FE1CFBC9CE9A8F /* Pods_SilverConnect.framework */; };
		7D45DBC32A4EF3120001CF97 /* AppDelegate.swift in Sources */ = {isa = PBXBuildFile; fileRef = 7D45DBC22A4EF3120001CF97 /* AppDelegate.swift */; };
		7D45DBC52A4EF3120001CF97 /* SceneDelegate.swift in Sources */ = {isa = PBXBuildFile; fileRef = 7D45DBC42A4EF3120001CF97 /* SceneDelegate.swift */; };
		7D45DBC72A4EF3120001CF97 /* ViewController.swift in Sources */ = {isa = PBXBuildFile; fileRef = 7D45DBC62A4EF3120001CF97 /* ViewController.swift */; };
		7D45DBCA2A4EF3120001CF97 /* Main.storyboard in Resources */ = {isa = PBXBuildFile; fileRef = 7D45DBC82A4EF3120001CF97 /* Main.storyboard */; };
		7D45DBCC2A4EF3130001CF97 /* Assets.xcassets in Resources */ = {isa = PBXBuildFile; fileRef = 7D45DBCB2A4EF3130001CF97 /* Assets.xcassets */; };
		7D45DBCF2A4EF3130001CF97 /* LaunchScreen.storyboard in Resources */ = {isa = PBXBuildFile; fileRef = 7D45DBCD2A4EF3130001CF97 /* LaunchScreen.storyboard */; };
		7D96D9532A4F182800CC90E1 /* FirstViewController.swift in Sources */ = {isa = PBXBuildFile; fileRef = 7D96D9522A4F182800CC90E1 /* FirstViewController.swift */; };
		7D96D9552A4F183A00CC90E1 /* SecondViewController.swift in Sources */ = {isa = PBXBuildFile; fileRef = 7D96D9542A4F183A00CC90E1 /* SecondViewController.swift */; };
		7D96D9572A4F1A0900CC90E1 /* MyPageViewController.swift in Sources */ = {isa = PBXBuildFile; fileRef = 7D96D9562A4F1A0900CC90E1 /* MyPageViewController.swift */; };
		7D96D95A2A4F24EB00CC90E1 /* 코테이토.png in Resources */ = {isa = PBXBuildFile; fileRef = 7D96D9592A4F24EB00CC90E1 /* 코테이토.png */; };
		7D96D95C2A4F3EF100CC90E1 /* FirstTableViewCell.swift in Sources */ = {isa = PBXBuildFile; fileRef = 7D96D95B2A4F3EF100CC90E1 /* FirstTableViewCell.swift */; };
		7D96D95E2A4F53EC00CC90E1 /* WriteViewController.swift in Sources */ = {isa = PBXBuildFile; fileRef = 7D96D95D2A4F53EC00CC90E1 /* WriteViewController.swift */; };
		7D96D9602A4F68D800CC90E1 /* SecondTableViewCell.swift in Sources */ = {isa = PBXBuildFile; fileRef = 7D96D95F2A4F68D800CC90E1 /* SecondTableViewCell.swift */; };
		7D96D9642A4F81B300CC90E1 /* ReadViewController.swift in Sources */ = {isa = PBXBuildFile; fileRef = 7D96D9632A4F81B300CC90E1 /* ReadViewController.swift */; };
/* End PBXBuildFile section */

/* Begin PBXFileReference section */
		7D45DBBF2A4EF3120001CF97 /* SilverConnect.app */ = {isa = PBXFileReference; explicitFileType = wrapper.application; includeInIndex = 0; path = SilverConnect.app; sourceTree = BUILT_PRODUCTS_DIR; };
		7D45DBC22A4EF3120001CF97 /* AppDelegate.swift */ = {isa = PBXFileReference; lastKnownFileType = sourcecode.swift; path = AppDelegate.swift; sourceTree = "<group>"; };
		7D45DBC42A4EF3120001CF97 /* SceneDelegate.swift */ = {isa = PBXFileReference; lastKnownFileType = sourcecode.swift; path = SceneDelegate.swift; sourceTree = "<group>"; };
		7D45DBC62A4EF3120001CF97 /* ViewController.swift */ = {isa = PBXFileReference; lastKnownFileType = sourcecode.swift; path = ViewController.swift; sourceTree = "<group>"; };
		7D45DBC92A4EF3120001CF97 /* Base */ = {isa = PBXFileReference; lastKnownFileType = file.storyboard; name = Base; path = Base.lproj/Main.storyboard; sourceTree = "<group>"; };
		7D45DBCB2A4EF3130001CF97 /* Assets.xcassets */ = {isa = PBXFileReference; lastKnownFileType = folder.assetcatalog; path = Assets.xcassets; sourceTree = "<group>"; };
		7D45DBCE2A4EF3130001CF97 /* Base */ = {isa = PBXFileReference; lastKnownFileType = file.storyboard; name = Base; path = Base.lproj/LaunchScreen.storyboard; sourceTree = "<group>"; };
		7D45DBD02A4EF3130001CF97 /* Info.plist */ = {isa = PBXFileReference; lastKnownFileType = text.plist.xml; path = Info.plist; sourceTree = "<group>"; };
		7D96D9522A4F182800CC90E1 /* FirstViewController.swift */ = {isa = PBXFileReference; lastKnownFileType = sourcecode.swift; path = FirstViewController.swift; sourceTree = "<group>"; };
		7D96D9542A4F183A00CC90E1 /* SecondViewController.swift */ = {isa = PBXFileReference; lastKnownFileType = sourcecode.swift; path = SecondViewController.swift; sourceTree = "<group>"; };
		7D96D9562A4F1A0900CC90E1 /* MyPageViewController.swift */ = {isa = PBXFileReference; lastKnownFileType = sourcecode.swift; path = MyPageViewController.swift; sourceTree = "<group>"; };
		7D96D9592A4F24EB00CC90E1 /* 코테이토.png */ = {isa = PBXFileReference; lastKnownFileType = image.png; path = "코테이토.png"; sourceTree = "<group>"; };
		7D96D95B2A4F3EF100CC90E1 /* FirstTableViewCell.swift */ = {isa = PBXFileReference; lastKnownFileType = sourcecode.swift; path = FirstTableViewCell.swift; sourceTree = "<group>"; };
		7D96D95D2A4F53EC00CC90E1 /* WriteViewController.swift */ = {isa = PBXFileReference; lastKnownFileType = sourcecode.swift; path = WriteViewController.swift; sourceTree = "<group>"; };
		7D96D95F2A4F68D800CC90E1 /* SecondTableViewCell.swift */ = {isa = PBXFileReference; lastKnownFileType = sourcecode.swift; path = SecondTableViewCell.swift; sourceTree = "<group>"; };
		7D96D9632A4F81B300CC90E1 /* ReadViewController.swift */ = {isa = PBXFileReference; lastKnownFileType = sourcecode.swift; path = ReadViewController.swift; sourceTree = "<group>"; };
		8AA4E2F095AB4ED112AA41D3 /* Pods-SilverConnect.release.xcconfig */ = {isa = PBXFileReference; includeInIndex = 1; lastKnownFileType = text.xcconfig; name = "Pods-SilverConnect.release.xcconfig"; path = "Target Support Files/Pods-SilverConnect/Pods-SilverConnect.release.xcconfig"; sourceTree = "<group>"; };
		ACCB9613FF2C884CC3410A27 /* Pods-SilverConnect.debug.xcconfig */ = {isa = PBXFileReference; includeInIndex = 1; lastKnownFileType = text.xcconfig; name = "Pods-SilverConnect.debug.xcconfig"; path = "Target Support Files/Pods-SilverConnect/Pods-SilverConnect.debug.xcconfig"; sourceTree = "<group>"; };
		EBAEA31768FE1CFBC9CE9A8F /* Pods_SilverConnect.framework */ = {isa = PBXFileReference; explicitFileType = wrapper.framework; includeInIndex = 0; path = Pods_SilverConnect.framework; sourceTree = BUILT_PRODUCTS_DIR; };
/* End PBXFileReference section */

/* Begin PBXFrameworksBuildPhase section */
		7D45DBBC2A4EF3120001CF97 /* Frameworks */ = {
			isa = PBXFrameworksBuildPhase;
			buildActionMask = 2147483647;
			files = (
				482EFAC99D75EF9B0AC5A2F1 /* Pods_SilverConnect.framework in Frameworks */,
			);
			runOnlyForDeploymentPostprocessing = 0;
		};
/* End PBXFrameworksBuildPhase section */

/* Begin PBXGroup section */
		16A4D5E54ABB2417BF870F0D /* Frameworks */ = {
			isa = PBXGroup;
			children = (
				EBAEA31768FE1CFBC9CE9A8F /* Pods_SilverConnect.framework */,
			);
			name = Frameworks;
			sourceTree = "<group>";
		};
		74C9DBC0541EF7188A0F62F5 /* Pods */ = {
			isa = PBXGroup;
			children = (
				ACCB9613FF2C884CC3410A27 /* Pods-SilverConnect.debug.xcconfig */,
				8AA4E2F095AB4ED112AA41D3 /* Pods-SilverConnect.release.xcconfig */,
			);
			path = Pods;
			sourceTree = "<group>";
		};
		7D45DBB62A4EF3120001CF97 = {
			isa = PBXGroup;
			children = (
				7D45DBC12A4EF3120001CF97 /* SilverConnect */,
				7D45DBC02A4EF3120001CF97 /* Products */,
				74C9DBC0541EF7188A0F62F5 /* Pods */,
				16A4D5E54ABB2417BF870F0D /* Frameworks */,
			);
			sourceTree = "<group>";
		};
		7D45DBC02A4EF3120001CF97 /* Products */ = {
			isa = PBXGroup;
			children = (
				7D45DBBF2A4EF3120001CF97 /* SilverConnect.app */,
			);
			name = Products;
			sourceTree = "<group>";
		};
		7D45DBC12A4EF3120001CF97 /* SilverConnect */ = {
			isa = PBXGroup;
			children = (
				7D96D9582A4F24D500CC90E1 /* assest */,
				7D96D9512A4F170100CC90E1 /* MyPageViewController */,
				7D45DBC22A4EF3120001CF97 /* AppDelegate.swift */,
				7D45DBC42A4EF3120001CF97 /* SceneDelegate.swift */,
				7D45DBC62A4EF3120001CF97 /* ViewController.swift */,
				7D45DBC82A4EF3120001CF97 /* Main.storyboard */,
				7D45DBCB2A4EF3130001CF97 /* Assets.xcassets */,
				7D45DBCD2A4EF3130001CF97 /* LaunchScreen.storyboard */,
				7D45DBD02A4EF3130001CF97 /* Info.plist */,
				7D96D95D2A4F53EC00CC90E1 /* WriteViewController.swift */,
				7D96D9632A4F81B300CC90E1 /* ReadViewController.swift */,
			);
			path = SilverConnect;
			sourceTree = "<group>";
		};
		7D96D9512A4F170100CC90E1 /* MyPageViewController */ = {
			isa = PBXGroup;
			children = (
				7D96D9522A4F182800CC90E1 /* FirstViewController.swift */,
				7D96D9542A4F183A00CC90E1 /* SecondViewController.swift */,
				7D96D9562A4F1A0900CC90E1 /* MyPageViewController.swift */,
				7D96D95B2A4F3EF100CC90E1 /* FirstTableViewCell.swift */,
				7D96D95F2A4F68D800CC90E1 /* SecondTableViewCell.swift */,
			);
			path = MyPageViewController;
			sourceTree = "<group>";
		};
		7D96D9582A4F24D500CC90E1 /* assest */ = {
			isa = PBXGroup;
			children = (
				7D96D9592A4F24EB00CC90E1 /* 코테이토.png */,
			);
			path = assest;
			sourceTree = "<group>";
		};
/* End PBXGroup section */

/* Begin PBXNativeTarget section */
		7D45DBBE2A4EF3120001CF97 /* SilverConnect */ = {
			isa = PBXNativeTarget;
			buildConfigurationList = 7D45DBD32A4EF3130001CF97 /* Build configuration list for PBXNativeTarget "SilverConnect" */;
			buildPhases = (
				57096C846A53AAD4123DFA71 /* [CP] Check Pods Manifest.lock */,
				7D45DBBB2A4EF3120001CF97 /* Sources */,
				7D45DBBC2A4EF3120001CF97 /* Frameworks */,
				7D45DBBD2A4EF3120001CF97 /* Resources */,
				2405E5BD0AA76ED61474A1DA /* [CP] Embed Pods Frameworks */,
			);
			buildRules = (
			);
			dependencies = (
			);
			name = SilverConnect;
			productName = SilverConnect;
			productReference = 7D45DBBF2A4EF3120001CF97 /* SilverConnect.app */;
			productType = "com.apple.product-type.application";
		};
/* End PBXNativeTarget section */

/* Begin PBXProject section */
		7D45DBB72A4EF3120001CF97 /* Project object */ = {
			isa = PBXProject;
			attributes = {
				BuildIndependentTargetsInParallel = 1;
				LastSwiftUpdateCheck = 1430;
				LastUpgradeCheck = 1430;
				TargetAttributes = {
					7D45DBBE2A4EF3120001CF97 = {
						CreatedOnToolsVersion = 14.3.1;
					};
				};
			};
			buildConfigurationList = 7D45DBBA2A4EF3120001CF97 /* Build configuration list for PBXProject "SilverConnect" */;
			compatibilityVersion = "Xcode 14.0";
			developmentRegion = en;
			hasScannedForEncodings = 0;
			knownRegions = (
				en,
				Base,
			);
			mainGroup = 7D45DBB62A4EF3120001CF97;
			productRefGroup = 7D45DBC02A4EF3120001CF97 /* Products */;
			projectDirPath = "";
			projectRoot = "";
			targets = (
				7D45DBBE2A4EF3120001CF97 /* SilverConnect */,
			);
		};
/* End PBXProject section */

/* Begin PBXResourcesBuildPhase section */
		7D45DBBD2A4EF3120001CF97 /* Resources */ = {
			isa = PBXResourcesBuildPhase;
			buildActionMask = 2147483647;
			files = (
				7D45DBCF2A4EF3130001CF97 /* LaunchScreen.storyboard in Resources */,
				7D45DBCC2A4EF3130001CF97 /* Assets.xcassets in Resources */,
				7D96D95A2A4F24EB00CC90E1 /* 코테이토.png in Resources */,
				7D45DBCA2A4EF3120001CF97 /* Main.storyboard in Resources */,
			);
			runOnlyForDeploymentPostprocessing = 0;
		};
/* End PBXResourcesBuildPhase section */

/* Begin PBXShellScriptBuildPhase section */
		2405E5BD0AA76ED61474A1DA /* [CP] Embed Pods Frameworks */ = {
			isa = PBXShellScriptBuildPhase;
			buildActionMask = 2147483647;
			files = (
			);
			inputFileListPaths = (
				"${PODS_ROOT}/Target Support Files/Pods-SilverConnect/Pods-SilverConnect-frameworks-${CONFIGURATION}-input-files.xcfilelist",
			);
			name = "[CP] Embed Pods Frameworks";
			outputFileListPaths = (
				"${PODS_ROOT}/Target Support Files/Pods-SilverConnect/Pods-SilverConnect-frameworks-${CONFIGURATION}-output-files.xcfilelist",
			);
			runOnlyForDeploymentPostprocessing = 0;
			shellPath = /bin/sh;
			shellScript = "\"${PODS_ROOT}/Target Support Files/Pods-SilverConnect/Pods-SilverConnect-frameworks.sh\"\n";
			showEnvVarsInLog = 0;
		};
		57096C846A53AAD4123DFA71 /* [CP] Check Pods Manifest.lock */ = {
			isa = PBXShellScriptBuildPhase;
			buildActionMask = 2147483647;
			files = (
			);
			inputFileListPaths = (
			);
			inputPaths = (
				"${PODS_PODFILE_DIR_PATH}/Podfile.lock",
				"${PODS_ROOT}/Manifest.lock",
			);
			name = "[CP] Check Pods Manifest.lock";
			outputFileListPaths = (
			);
			outputPaths = (
				"$(DERIVED_FILE_DIR)/Pods-SilverConnect-checkManifestLockResult.txt",
			);
			runOnlyForDeploymentPostprocessing = 0;
			shellPath = /bin/sh;
			shellScript = "diff \"${PODS_PODFILE_DIR_PATH}/Podfile.lock\" \"${PODS_ROOT}/Manifest.lock\" > /dev/null\nif [ $? != 0 ] ; then\n    # print error to STDERR\n    echo \"error: The sandbox is not in sync with the Podfile.lock. Run 'pod install' or update your CocoaPods installation.\" >&2\n    exit 1\nfi\n# This output is used by Xcode 'outputs' to avoid re-running this script phase.\necho \"SUCCESS\" > \"${SCRIPT_OUTPUT_FILE_0}\"\n";
			showEnvVarsInLog = 0;
		};
/* End PBXShellScriptBuildPhase section */

/* Begin PBXSourcesBuildPhase section */
		7D45DBBB2A4EF3120001CF97 /* Sources */ = {
			isa = PBXSourcesBuildPhase;
			buildActionMask = 2147483647;
			files = (
				7D96D9532A4F182800CC90E1 /* FirstViewController.swift in Sources */,
				7D96D9572A4F1A0900CC90E1 /* MyPageViewController.swift in Sources */,
				7D45DBC72A4EF3120001CF97 /* ViewController.swift in Sources */,
				7D96D9642A4F81B300CC90E1 /* ReadViewController.swift in Sources */,
				7D45DBC32A4EF3120001CF97 /* AppDelegate.swift in Sources */,
				7D96D9552A4F183A00CC90E1 /* SecondViewController.swift in Sources */,
				7D96D9602A4F68D800CC90E1 /* SecondTableViewCell.swift in Sources */,
				7D45DBC52A4EF3120001CF97 /* SceneDelegate.swift in Sources */,
				7D96D95E2A4F53EC00CC90E1 /* WriteViewController.swift in Sources */,
				7D96D95C2A4F3EF100CC90E1 /* FirstTableViewCell.swift in Sources */,
			);
			runOnlyForDeploymentPostprocessing = 0;
		};
/* End PBXSourcesBuildPhase section */

/* Begin PBXVariantGroup section */
		7D45DBC82A4EF3120001CF97 /* Main.storyboard */ = {
			isa = PBXVariantGroup;
			children = (
				7D45DBC92A4EF3120001CF97 /* Base */,
			);
			name = Main.storyboard;
			sourceTree = "<group>";
		};
		7D45DBCD2A4EF3130001CF97 /* LaunchScreen.storyboard */ = {
			isa = PBXVariantGroup;
			children = (
				7D45DBCE2A4EF3130001CF97 /* Base */,
			);
			name = LaunchScreen.storyboard;
			sourceTree = "<group>";
		};
/* End PBXVariantGroup section */

/* Begin XCBuildConfiguration section */
		7D45DBD12A4EF3130001CF97 /* Debug */ = {
			isa = XCBuildConfiguration;
			buildSettings = {
				ALWAYS_SEARCH_USER_PATHS = NO;
				CLANG_ANALYZER_NONNULL = YES;
				CLANG_ANALYZER_NUMBER_OBJECT_CONVERSION = YES_AGGRESSIVE;
				CLANG_CXX_LANGUAGE_STANDARD = "gnu++20";
				CLANG_ENABLE_MODULES = YES;
				CLANG_ENABLE_OBJC_ARC = YES;
				CLANG_ENABLE_OBJC_WEAK = YES;
				CLANG_WARN_BLOCK_CAPTURE_AUTORELEASING = YES;
				CLANG_WARN_BOOL_CONVERSION = YES;
				CLANG_WARN_COMMA = YES;
				CLANG_WARN_CONSTANT_CONVERSION = YES;
				CLANG_WARN_DEPRECATED_OBJC_IMPLEMENTATIONS = YES;
				CLANG_WARN_DIRECT_OBJC_ISA_USAGE = YES_ERROR;
				CLANG_WARN_DOCUMENTATION_COMMENTS = YES;
				CLANG_WARN_EMPTY_BODY = YES;
				CLANG_WARN_ENUM_CONVERSION = YES;
				CLANG_WARN_INFINITE_RECURSION = YES;
				CLANG_WARN_INT_CONVERSION = YES;
				CLANG_WARN_NON_LITERAL_NULL_CONVERSION = YES;
				CLANG_WARN_OBJC_IMPLICIT_RETAIN_SELF = YES;
				CLANG_WARN_OBJC_LITERAL_CONVERSION = YES;
				CLANG_WARN_OBJC_ROOT_CLASS = YES_ERROR;
				CLANG_WARN_QUOTED_INCLUDE_IN_FRAMEWORK_HEADER = YES;
				CLANG_WARN_RANGE_LOOP_ANALYSIS = YES;
				CLANG_WARN_STRICT_PROTOTYPES = YES;
				CLANG_WARN_SUSPICIOUS_MOVE = YES;
				CLANG_WARN_UNGUARDED_AVAILABILITY = YES_AGGRESSIVE;
				CLANG_WARN_UNREACHABLE_CODE = YES;
				CLANG_WARN__DUPLICATE_METHOD_MATCH = YES;
				COPY_PHASE_STRIP = NO;
				DEBUG_INFORMATION_FORMAT = dwarf;
				ENABLE_STRICT_OBJC_MSGSEND = YES;
				ENABLE_TESTABILITY = YES;
				GCC_C_LANGUAGE_STANDARD = gnu11;
				GCC_DYNAMIC_NO_PIC = NO;
				GCC_NO_COMMON_BLOCKS = YES;
				GCC_OPTIMIZATION_LEVEL = 0;
				GCC_PREPROCESSOR_DEFINITIONS = (
					"DEBUG=1",
					"$(inherited)",
				);
				GCC_WARN_64_TO_32_BIT_CONVERSION = YES;
				GCC_WARN_ABOUT_RETURN_TYPE = YES_ERROR;
				GCC_WARN_UNDECLARED_SELECTOR = YES;
				GCC_WARN_UNINITIALIZED_AUTOS = YES_AGGRESSIVE;
				GCC_WARN_UNUSED_FUNCTION = YES;
				GCC_WARN_UNUSED_VARIABLE = YES;
				IPHONEOS_DEPLOYMENT_TARGET = 16.4;
				MTL_ENABLE_DEBUG_INFO = INCLUDE_SOURCE;
				MTL_FAST_MATH = YES;
				ONLY_ACTIVE_ARCH = YES;
				SDKROOT = iphoneos;
				SWIFT_ACTIVE_COMPILATION_CONDITIONS = DEBUG;
				SWIFT_OPTIMIZATION_LEVEL = "-Onone";
			};
			name = Debug;
		};
		7D45DBD22A4EF3130001CF97 /* Release */ = {
			isa = XCBuildConfiguration;
			buildSettings = {
				ALWAYS_SEARCH_USER_PATHS = NO;
				CLANG_ANALYZER_NONNULL = YES;
				CLANG_ANALYZER_NUMBER_OBJECT_CONVERSION = YES_AGGRESSIVE;
				CLANG_CXX_LANGUAGE_STANDARD = "gnu++20";
				CLANG_ENABLE_MODULES = YES;
				CLANG_ENABLE_OBJC_ARC = YES;
				CLANG_ENABLE_OBJC_WEAK = YES;
				CLANG_WARN_BLOCK_CAPTURE_AUTORELEASING = YES;
				CLANG_WARN_BOOL_CONVERSION = YES;
				CLANG_WARN_COMMA = YES;
				CLANG_WARN_CONSTANT_CONVERSION = YES;
				CLANG_WARN_DEPRECATED_OBJC_IMPLEMENTATIONS = YES;
				CLANG_WARN_DIRECT_OBJC_ISA_USAGE = YES_ERROR;
				CLANG_WARN_DOCUMENTATION_COMMENTS = YES;
				CLANG_WARN_EMPTY_BODY = YES;
				CLANG_WARN_ENUM_CONVERSION = YES;
				CLANG_WARN_INFINITE_RECURSION = YES;
				CLANG_WARN_INT_CONVERSION = YES;
				CLANG_WARN_NON_LITERAL_NULL_CONVERSION = YES;
				CLANG_WARN_OBJC_IMPLICIT_RETAIN_SELF = YES;
				CLANG_WARN_OBJC_LITERAL_CONVERSION = YES;
				CLANG_WARN_OBJC_ROOT_CLASS = YES_ERROR;
				CLANG_WARN_QUOTED_INCLUDE_IN_FRAMEWORK_HEADER = YES;
				CLANG_WARN_RANGE_LOOP_ANALYSIS = YES;
				CLANG_WARN_STRICT_PROTOTYPES = YES;
				CLANG_WARN_SUSPICIOUS_MOVE = YES;
				CLANG_WARN_UNGUARDED_AVAILABILITY = YES_AGGRESSIVE;
				CLANG_WARN_UNREACHABLE_CODE = YES;
				CLANG_WARN__DUPLICATE_METHOD_MATCH = YES;
				COPY_PHASE_STRIP = NO;
				DEBUG_INFORMATION_FORMAT = "dwarf-with-dsym";
				ENABLE_NS_ASSERTIONS = NO;
				ENABLE_STRICT_OBJC_MSGSEND = YES;
				GCC_C_LANGUAGE_STANDARD = gnu11;
				GCC_NO_COMMON_BLOCKS = YES;
				GCC_WARN_64_TO_32_BIT_CONVERSION = YES;
				GCC_WARN_ABOUT_RETURN_TYPE = YES_ERROR;
				GCC_WARN_UNDECLARED_SELECTOR = YES;
				GCC_WARN_UNINITIALIZED_AUTOS = YES_AGGRESSIVE;
				GCC_WARN_UNUSED_FUNCTION = YES;
				GCC_WARN_UNUSED_VARIABLE = YES;
				IPHONEOS_DEPLOYMENT_TARGET = 16.4;
				MTL_ENABLE_DEBUG_INFO = NO;
				MTL_FAST_MATH = YES;
				SDKROOT = iphoneos;
				SWIFT_COMPILATION_MODE = wholemodule;
				SWIFT_OPTIMIZATION_LEVEL = "-O";
				VALIDATE_PRODUCT = YES;
			};
			name = Release;
		};
		7D45DBD42A4EF3130001CF97 /* Debug */ = {
			isa = XCBuildConfiguration;
			baseConfigurationReference = ACCB9613FF2C884CC3410A27 /* Pods-SilverConnect.debug.xcconfig */;
			buildSettings = {
				ASSETCATALOG_COMPILER_APPICON_NAME = AppIcon;
				ASSETCATALOG_COMPILER_GLOBAL_ACCENT_COLOR_NAME = AccentColor;
				CODE_SIGN_STYLE = Automatic;
				CURRENT_PROJECT_VERSION = 1;
				DEVELOPMENT_TEAM = ASM49GKW7Z;
				GENERATE_INFOPLIST_FILE = YES;
				INFOPLIST_FILE = SilverConnect/Info.plist;
				INFOPLIST_KEY_UIApplicationSupportsIndirectInputEvents = YES;
				INFOPLIST_KEY_UILaunchStoryboardName = LaunchScreen;
				INFOPLIST_KEY_UIMainStoryboardFile = Main;
				INFOPLIST_KEY_UISupportedInterfaceOrientations_iPad = "UIInterfaceOrientationPortrait UIInterfaceOrientationPortraitUpsideDown UIInterfaceOrientationLandscapeLeft UIInterfaceOrientationLandscapeRight";
				INFOPLIST_KEY_UISupportedInterfaceOrientations_iPhone = "UIInterfaceOrientationPortrait UIInterfaceOrientationLandscapeLeft UIInterfaceOrientationLandscapeRight";
				LD_RUNPATH_SEARCH_PATHS = (
					"$(inherited)",
					"@executable_path/Frameworks",
				);
				MARKETING_VERSION = 1.0;
				PRODUCT_BUNDLE_IDENTIFIER = com.0123suh.SilverConnect;
				PRODUCT_NAME = "$(TARGET_NAME)";
				SWIFT_EMIT_LOC_STRINGS = YES;
				SWIFT_VERSION = 5.0;
				TARGETED_DEVICE_FAMILY = "1,2";
			};
			name = Debug;
		};
		7D45DBD52A4EF3130001CF97 /* Release */ = {
			isa = XCBuildConfiguration;
			baseConfigurationReference = 8AA4E2F095AB4ED112AA41D3 /* Pods-SilverConnect.release.xcconfig */;
			buildSettings = {
				ASSETCATALOG_COMPILER_APPICON_NAME = AppIcon;
				ASSETCATALOG_COMPILER_GLOBAL_ACCENT_COLOR_NAME = AccentColor;
				CODE_SIGN_STYLE = Automatic;
				CURRENT_PROJECT_VERSION = 1;
				DEVELOPMENT_TEAM = ASM49GKW7Z;
				GENERATE_INFOPLIST_FILE = YES;
				INFOPLIST_FILE = SilverConnect/Info.plist;
				INFOPLIST_KEY_UIApplicationSupportsIndirectInputEvents = YES;
				INFOPLIST_KEY_UILaunchStoryboardName = LaunchScreen;
				INFOPLIST_KEY_UIMainStoryboardFile = Main;
				INFOPLIST_KEY_UISupportedInterfaceOrientations_iPad = "UIInterfaceOrientationPortrait UIInterfaceOrientationPortraitUpsideDown UIInterfaceOrientationLandscapeLeft UIInterfaceOrientationLandscapeRight";
				INFOPLIST_KEY_UISupportedInterfaceOrientations_iPhone = "UIInterfaceOrientationPortrait UIInterfaceOrientationLandscapeLeft UIInterfaceOrientationLandscapeRight";
				LD_RUNPATH_SEARCH_PATHS = (
					"$(inherited)",
					"@executable_path/Frameworks",
				);
				MARKETING_VERSION = 1.0;
				PRODUCT_BUNDLE_IDENTIFIER = com.0123suh.SilverConnect;
				PRODUCT_NAME = "$(TARGET_NAME)";
				SWIFT_EMIT_LOC_STRINGS = YES;
				SWIFT_VERSION = 5.0;
				TARGETED_DEVICE_FAMILY = "1,2";
			};
			name = Release;
		};
/* End XCBuildConfiguration section */

/* Begin XCConfigurationList section */
		7D45DBBA2A4EF3120001CF97 /* Build configuration list for PBXProject "SilverConnect" */ = {
			isa = XCConfigurationList;
			buildConfigurations = (
				7D45DBD12A4EF3130001CF97 /* Debug */,
				7D45DBD22A4EF3130001CF97 /* Release */,
			);
			defaultConfigurationIsVisible = 0;
			defaultConfigurationName = Release;
		};
		7D45DBD32A4EF3130001CF97 /* Build configuration list for PBXNativeTarget "SilverConnect" */ = {
			isa = XCConfigurationList;
			buildConfigurations = (
				7D45DBD42A4EF3130001CF97 /* Debug */,
				7D45DBD52A4EF3130001CF97 /* Release */,
			);
			defaultConfigurationIsVisible = 0;
			defaultConfigurationName = Release;
		};
/* End XCConfigurationList section */
	};
	rootObject = 7D45DBB72A4EF3120001CF97 /* Project object */;
}
